// !$*UTF8*$!
{
	archiveVersion = 1;
	classes = {
	};
	objectVersion = 50;
	objects = {

/* Begin PBXBuildFile section */
		17415D02272FE24900F7DE99 /* AppDelegate.swift in Sources */ = {isa = PBXBuildFile; fileRef = 17415D01272FE24900F7DE99 /* AppDelegate.swift */; };
		17415D04272FE24900F7DE99 /* SceneDelegate.swift in Sources */ = {isa = PBXBuildFile; fileRef = 17415D03272FE24900F7DE99 /* SceneDelegate.swift */; };
		17415D06272FE24900F7DE99 /* TableViewController.swift in Sources */ = {isa = PBXBuildFile; fileRef = 17415D05272FE24900F7DE99 /* TableViewController.swift */; };
		17415D09272FE24900F7DE99 /* Main.storyboard in Resources */ = {isa = PBXBuildFile; fileRef = 17415D07272FE24900F7DE99 /* Main.storyboard */; };
		17415D0B272FE24E00F7DE99 /* Assets.xcassets in Resources */ = {isa = PBXBuildFile; fileRef = 17415D0A272FE24E00F7DE99 /* Assets.xcassets */; };
		17415D0E272FE24E00F7DE99 /* LaunchScreen.storyboard in Resources */ = {isa = PBXBuildFile; fileRef = 17415D0C272FE24E00F7DE99 /* LaunchScreen.storyboard */; };
		17415D19272FF7DA00F7DE99 /* AlertService.swift in Sources */ = {isa = PBXBuildFile; fileRef = 17415D18272FF7DA00F7DE99 /* AlertService.swift */; };
		17415D1C272FF94B00F7DE99 /* CelebrationCell.swift in Sources */ = {isa = PBXBuildFile; fileRef = 17415D1A272FF94B00F7DE99 /* CelebrationCell.swift */; };
		17415D1D272FF94B00F7DE99 /* CelebrationCell.xib in Resources */ = {isa = PBXBuildFile; fileRef = 17415D1B272FF94B00F7DE99 /* CelebrationCell.xib */; };
		17415D20272FF9CF00F7DE99 /* SearchExtension.swift in Sources */ = {isa = PBXBuildFile; fileRef = 17415D1F272FF9CF00F7DE99 /* SearchExtension.swift */; };
		17415D22272FFF1300F7DE99 /* ResponceBody.swift in Sources */ = {isa = PBXBuildFile; fileRef = 17415D21272FFF1300F7DE99 /* ResponceBody.swift */; };
		17415D242730037400F7DE99 /* APILayer.swift in Sources */ = {isa = PBXBuildFile; fileRef = 17415D232730037400F7DE99 /* APILayer.swift */; };
		40D6D003F5A508858326C8CA /* Pods_APICelebration.framework in Frameworks */ = {isa = PBXBuildFile; fileRef = 774B7F443EABFDE0AF1E0F77 /* Pods_APICelebration.framework */; };
/* End PBXBuildFile section */

/* Begin PBXFileReference section */
		17415CFE272FE24900F7DE99 /* APICelebration.app */ = {isa = PBXFileReference; explicitFileType = wrapper.application; includeInIndex = 0; path = APICelebration.app; sourceTree = BUILT_PRODUCTS_DIR; };
		17415D01272FE24900F7DE99 /* AppDelegate.swift */ = {isa = PBXFileReference; lastKnownFileType = sourcecode.swift; path = AppDelegate.swift; sourceTree = "<group>"; };
		17415D03272FE24900F7DE99 /* SceneDelegate.swift */ = {isa = PBXFileReference; lastKnownFileType = sourcecode.swift; path = SceneDelegate.swift; sourceTree = "<group>"; };
		17415D05272FE24900F7DE99 /* TableViewController.swift */ = {isa = PBXFileReference; lastKnownFileType = sourcecode.swift; path = TableViewController.swift; sourceTree = "<group>"; };
		17415D08272FE24900F7DE99 /* Base */ = {isa = PBXFileReference; lastKnownFileType = file.storyboard; name = Base; path = Base.lproj/Main.storyboard; sourceTree = "<group>"; };
		17415D0A272FE24E00F7DE99 /* Assets.xcassets */ = {isa = PBXFileReference; lastKnownFileType = folder.assetcatalog; path = Assets.xcassets; sourceTree = "<group>"; };
		17415D0D272FE24E00F7DE99 /* Base */ = {isa = PBXFileReference; lastKnownFileType = file.storyboard; name = Base; path = Base.lproj/LaunchScreen.storyboard; sourceTree = "<group>"; };
		17415D0F272FE24E00F7DE99 /* Info.plist */ = {isa = PBXFileReference; lastKnownFileType = text.plist.xml; path = Info.plist; sourceTree = "<group>"; };
		17415D18272FF7DA00F7DE99 /* AlertService.swift */ = {isa = PBXFileReference; lastKnownFileType = sourcecode.swift; path = AlertService.swift; sourceTree = "<group>"; };
		17415D1A272FF94B00F7DE99 /* CelebrationCell.swift */ = {isa = PBXFileReference; lastKnownFileType = sourcecode.swift; path = CelebrationCell.swift; sourceTree = "<group>"; };
		17415D1B272FF94B00F7DE99 /* CelebrationCell.xib */ = {isa = PBXFileReference; lastKnownFileType = file.xib; path = CelebrationCell.xib; sourceTree = "<group>"; };
		17415D1F272FF9CF00F7DE99 /* SearchExtension.swift */ = {isa = PBXFileReference; lastKnownFileType = sourcecode.swift; path = SearchExtension.swift; sourceTree = "<group>"; };
		17415D21272FFF1300F7DE99 /* ResponceBody.swift */ = {isa = PBXFileReference; lastKnownFileType = sourcecode.swift; path = ResponceBody.swift; sourceTree = "<group>"; };
		17415D232730037400F7DE99 /* APILayer.swift */ = {isa = PBXFileReference; lastKnownFileType = sourcecode.swift; path = APILayer.swift; sourceTree = "<group>"; };
		774B7F443EABFDE0AF1E0F77 /* Pods_APICelebration.framework */ = {isa = PBXFileReference; explicitFileType = wrapper.framework; includeInIndex = 0; path = Pods_APICelebration.framework; sourceTree = BUILT_PRODUCTS_DIR; };
		7EF846BFD6C3F2F18AB7BA3B /* Pods-APICelebration.release.xcconfig */ = {isa = PBXFileReference; includeInIndex = 1; lastKnownFileType = text.xcconfig; name = "Pods-APICelebration.release.xcconfig"; path = "Pods/Target Support Files/Pods-APICelebration/Pods-APICelebration.release.xcconfig"; sourceTree = "<group>"; };
		8AFEEB0239A57294691C6EC8 /* Pods-APICelebration.debug.xcconfig */ = {isa = PBXFileReference; includeInIndex = 1; lastKnownFileType = text.xcconfig; name = "Pods-APICelebration.debug.xcconfig"; path = "Pods/Target Support Files/Pods-APICelebration/Pods-APICelebration.debug.xcconfig"; sourceTree = "<group>"; };
/* End PBXFileReference section */

/* Begin PBXFrameworksBuildPhase section */
		17415CFB272FE24900F7DE99 /* Frameworks */ = {
			isa = PBXFrameworksBuildPhase;
			buildActionMask = 2147483647;
			files = (
				40D6D003F5A508858326C8CA /* Pods_APICelebration.framework in Frameworks */,
			);
			runOnlyForDeploymentPostprocessing = 0;
		};
/* End PBXFrameworksBuildPhase section */

/* Begin PBXGroup section */
		17415CF5272FE24900F7DE99 = {
			isa = PBXGroup;
			children = (
				17415D00272FE24900F7DE99 /* APICelebration */,
				17415CFF272FE24900F7DE99 /* Products */,
				3FB7D4D8CB3976955121F6CE /* Pods */,
				928EC72A06402EDCEE93F7B8 /* Frameworks */,
			);
			sourceTree = "<group>";
		};
		17415CFF272FE24900F7DE99 /* Products */ = {
			isa = PBXGroup;
			children = (
				17415CFE272FE24900F7DE99 /* APICelebration.app */,
			);
			name = Products;
			sourceTree = "<group>";
		};
		17415D00272FE24900F7DE99 /* APICelebration */ = {
			isa = PBXGroup;
			children = (
				17415D1E272FF97100F7DE99 /* Cell */,
				17415D07272FE24900F7DE99 /* Main.storyboard */,
				17415D15272FE25900F7DE99 /* Defaults */,
				17415D05272FE24900F7DE99 /* TableViewController.swift */,
				17415D0F272FE24E00F7DE99 /* Info.plist */,
				17415D1F272FF9CF00F7DE99 /* SearchExtension.swift */,
				17415D18272FF7DA00F7DE99 /* AlertService.swift */,
				17415D21272FFF1300F7DE99 /* ResponceBody.swift */,
				17415D232730037400F7DE99 /* APILayer.swift */,
			);
			path = APICelebration;
			sourceTree = "<group>";
		};
		17415D15272FE25900F7DE99 /* Defaults */ = {
			isa = PBXGroup;
			children = (
				17415D0C272FE24E00F7DE99 /* LaunchScreen.storyboard */,
				17415D0A272FE24E00F7DE99 /* Assets.xcassets */,
				17415D01272FE24900F7DE99 /* AppDelegate.swift */,
				17415D03272FE24900F7DE99 /* SceneDelegate.swift */,
			);
			path = Defaults;
			sourceTree = "<group>";
		};
		17415D1E272FF97100F7DE99 /* Cell */ = {
			isa = PBXGroup;
			children = (
				17415D1A272FF94B00F7DE99 /* CelebrationCell.swift */,
				17415D1B272FF94B00F7DE99 /* CelebrationCell.xib */,
			);
			path = Cell;
			sourceTree = "<group>";
		};
		3FB7D4D8CB3976955121F6CE /* Pods */ = {
			isa = PBXGroup;
			children = (
				8AFEEB0239A57294691C6EC8 /* Pods-APICelebration.debug.xcconfig */,
				7EF846BFD6C3F2F18AB7BA3B /* Pods-APICelebration.release.xcconfig */,
			);
			name = Pods;
			sourceTree = "<group>";
		};
		928EC72A06402EDCEE93F7B8 /* Frameworks */ = {
			isa = PBXGroup;
			children = (
				774B7F443EABFDE0AF1E0F77 /* Pods_APICelebration.framework */,
			);
			name = Frameworks;
			sourceTree = "<group>";
		};
/* End PBXGroup section */

/* Begin PBXNativeTarget section */
		17415CFD272FE24900F7DE99 /* APICelebration */ = {
			isa = PBXNativeTarget;
			buildConfigurationList = 17415D12272FE24E00F7DE99 /* Build configuration list for PBXNativeTarget "APICelebration" */;
			buildPhases = (
				17415D16272FE83C00F7DE99 /*  SwiftLint */,
				E671BAB4CAEBD2A15CFAF6A1 /* [CP] Check Pods Manifest.lock */,
				17415CFA272FE24900F7DE99 /* Sources */,
				17415CFB272FE24900F7DE99 /* Frameworks */,
				17415CFC272FE24900F7DE99 /* Resources */,
				9CD64AB9823439E9CB74E903 /* [CP] Embed Pods Frameworks */,
				6E9879CEE6F1B3802B06789A /* [CP] Copy Pods Resources */,
			);
			buildRules = (
			);
			dependencies = (
			);
			name = APICelebration;
			productName = APICelebration;
			productReference = 17415CFE272FE24900F7DE99 /* APICelebration.app */;
			productType = "com.apple.product-type.application";
		};
/* End PBXNativeTarget section */

/* Begin PBXProject section */
		17415CF6272FE24900F7DE99 /* Project object */ = {
			isa = PBXProject;
			attributes = {
				LastSwiftUpdateCheck = 1250;
				LastUpgradeCheck = 1250;
				TargetAttributes = {
					17415CFD272FE24900F7DE99 = {
						CreatedOnToolsVersion = 12.5;
					};
				};
			};
			buildConfigurationList = 17415CF9272FE24900F7DE99 /* Build configuration list for PBXProject "APICelebration" */;
			compatibilityVersion = "Xcode 9.3";
			developmentRegion = en;
			hasScannedForEncodings = 0;
			knownRegions = (
				en,
				Base,
			);
			mainGroup = 17415CF5272FE24900F7DE99;
			productRefGroup = 17415CFF272FE24900F7DE99 /* Products */;
			projectDirPath = "";
			projectRoot = "";
			targets = (
				17415CFD272FE24900F7DE99 /* APICelebration */,
			);
		};
/* End PBXProject section */

/* Begin PBXResourcesBuildPhase section */
		17415CFC272FE24900F7DE99 /* Resources */ = {
			isa = PBXResourcesBuildPhase;
			buildActionMask = 2147483647;
			files = (
				17415D1D272FF94B00F7DE99 /* CelebrationCell.xib in Resources */,
				17415D0E272FE24E00F7DE99 /* LaunchScreen.storyboard in Resources */,
				17415D0B272FE24E00F7DE99 /* Assets.xcassets in Resources */,
				17415D09272FE24900F7DE99 /* Main.storyboard in Resources */,
			);
			runOnlyForDeploymentPostprocessing = 0;
		};
/* End PBXResourcesBuildPhase section */

/* Begin PBXShellScriptBuildPhase section */
		17415D16272FE83C00F7DE99 /*  SwiftLint */ = {
			isa = PBXShellScriptBuildPhase;
			buildActionMask = 8;
			files = (
			);
			inputFileListPaths = (
			);
			inputPaths = (
			);
			name = " SwiftLint";
			outputFileListPaths = (
			);
			outputPaths = (
			);
			runOnlyForDeploymentPostprocessing = 1;
			shellPath = /bin/sh;
			shellScript = "\"${PODS_ROOT}/SwiftLint/swiftlint\"\n";
		};
		6E9879CEE6F1B3802B06789A /* [CP] Copy Pods Resources */ = {
			isa = PBXShellScriptBuildPhase;
			buildActionMask = 2147483647;
			files = (
			);
			inputFileListPaths = (
			);
			inputPaths = (
			);
			name = "[CP] Copy Pods Resources";
			outputFileListPaths = (
			);
			outputPaths = (
			);
			runOnlyForDeploymentPostprocessing = 0;
			shellPath = /bin/sh;
			shellScript = "\"${SRCROOT}/Pods/Target Support Files/Pods-APICelebration/Pods-APICelebration-resources.sh\"\n";
			showEnvVarsInLog = 0;
		};
		9CD64AB9823439E9CB74E903 /* [CP] Embed Pods Frameworks */ = {
			isa = PBXShellScriptBuildPhase;
			buildActionMask = 2147483647;
			files = (
			);
			inputFileListPaths = (
			);
			inputPaths = (
			);
			name = "[CP] Embed Pods Frameworks";
			outputFileListPaths = (
			);
			outputPaths = (
			);
			runOnlyForDeploymentPostprocessing = 0;
			shellPath = /bin/sh;
			shellScript = "\"${SRCROOT}/Pods/Target Support Files/Pods-APICelebration/Pods-APICelebration-frameworks.sh\"\n";
			showEnvVarsInLog = 0;
		};
		E671BAB4CAEBD2A15CFAF6A1 /* [CP] Check Pods Manifest.lock */ = {
			isa = PBXShellScriptBuildPhase;
			buildActionMask = 2147483647;
			files = (
			);
			inputFileListPaths = (
			);
			inputPaths = (
				"${PODS_PODFILE_DIR_PATH}/Podfile.lock",
				"${PODS_ROOT}/Manifest.lock",
			);
			name = "[CP] Check Pods Manifest.lock";
			outputFileListPaths = (
			);
			outputPaths = (
				"$(DERIVED_FILE_DIR)/Pods-APICelebration-checkManifestLockResult.txt",
			);
			runOnlyForDeploymentPostprocessing = 0;
			shellPath = /bin/sh;
			shellScript = "diff \"${PODS_PODFILE_DIR_PATH}/Podfile.lock\" \"${PODS_ROOT}/Manifest.lock\" > /dev/null\nif [ $? != 0 ] ; then\n    # print error to STDERR\n    echo \"error: The sandbox is not in sync with the Podfile.lock. Run 'pod install' or update your CocoaPods installation.\" >&2\n    exit 1\nfi\n# This output is used by Xcode 'outputs' to avoid re-running this script phase.\necho \"SUCCESS\" > \"${SCRIPT_OUTPUT_FILE_0}\"\n";
			showEnvVarsInLog = 0;
		};
/* End PBXShellScriptBuildPhase section */

/* Begin PBXSourcesBuildPhase section */
		17415CFA272FE24900F7DE99 /* Sources */ = {
			isa = PBXSourcesBuildPhase;
			buildActionMask = 2147483647;
			files = (
				17415D242730037400F7DE99 /* APILayer.swift in Sources */,
				17415D06272FE24900F7DE99 /* TableViewController.swift in Sources */,
				17415D02272FE24900F7DE99 /* AppDelegate.swift in Sources */,
				17415D1C272FF94B00F7DE99 /* CelebrationCell.swift in Sources */,
				17415D20272FF9CF00F7DE99 /* SearchExtension.swift in Sources */,
				17415D19272FF7DA00F7DE99 /* AlertService.swift in Sources */,
				17415D04272FE24900F7DE99 /* SceneDelegate.swift in Sources */,
				17415D22272FFF1300F7DE99 /* ResponceBody.swift in Sources */,
			);
			runOnlyForDeploymentPostprocessing = 0;
		};
/* End PBXSourcesBuildPhase section */

/* Begin PBXVariantGroup section */
		17415D07272FE24900F7DE99 /* Main.storyboard */ = {
			isa = PBXVariantGroup;
			children = (
				17415D08272FE24900F7DE99 /* Base */,
			);
			name = Main.storyboard;
			sourceTree = "<group>";
		};
		17415D0C272FE24E00F7DE99 /* LaunchScreen.storyboard */ = {
			isa = PBXVariantGroup;
			children = (
				17415D0D272FE24E00F7DE99 /* Base */,
			);
			name = LaunchScreen.storyboard;
			sourceTree = "<group>";
		};
/* End PBXVariantGroup section */

/* Begin XCBuildConfiguration section */
		17415D10272FE24E00F7DE99 /* Debug */ = {
			isa = XCBuildConfiguration;
			buildSettings = {
				ALWAYS_SEARCH_USER_PATHS = NO;
				CLANG_ANALYZER_NONNULL = YES;
				CLANG_ANALYZER_NUMBER_OBJECT_CONVERSION = YES_AGGRESSIVE;
				CLANG_CXX_LANGUAGE_STANDARD = "gnu++14";
				CLANG_CXX_LIBRARY = "libc++";
				CLANG_ENABLE_MODULES = YES;
				CLANG_ENABLE_OBJC_ARC = YES;
				CLANG_ENABLE_OBJC_WEAK = YES;
				CLANG_WARN_BLOCK_CAPTURE_AUTORELEASING = YES;
				CLANG_WARN_BOOL_CONVERSION = YES;
				CLANG_WARN_COMMA = YES;
				CLANG_WARN_CONSTANT_CONVERSION = YES;
				CLANG_WARN_DEPRECATED_OBJC_IMPLEMENTATIONS = YES;
				CLANG_WARN_DIRECT_OBJC_ISA_USAGE = YES_ERROR;
				CLANG_WARN_DOCUMENTATION_COMMENTS = YES;
				CLANG_WARN_EMPTY_BODY = YES;
				CLANG_WARN_ENUM_CONVERSION = YES;
				CLANG_WARN_INFINITE_RECURSION = YES;
				CLANG_WARN_INT_CONVERSION = YES;
				CLANG_WARN_NON_LITERAL_NULL_CONVERSION = YES;
				CLANG_WARN_OBJC_IMPLICIT_RETAIN_SELF = YES;
				CLANG_WARN_OBJC_LITERAL_CONVERSION = YES;
				CLANG_WARN_OBJC_ROOT_CLASS = YES_ERROR;
				CLANG_WARN_QUOTED_INCLUDE_IN_FRAMEWORK_HEADER = YES;
				CLANG_WARN_RANGE_LOOP_ANALYSIS = YES;
				CLANG_WARN_STRICT_PROTOTYPES = YES;
				CLANG_WARN_SUSPICIOUS_MOVE = YES;
				CLANG_WARN_UNGUARDED_AVAILABILITY = YES_AGGRESSIVE;
				CLANG_WARN_UNREACHABLE_CODE = YES;
				CLANG_WARN__DUPLICATE_METHOD_MATCH = YES;
				COPY_PHASE_STRIP = NO;
				DEBUG_INFORMATION_FORMAT = dwarf;
				ENABLE_STRICT_OBJC_MSGSEND = YES;
				ENABLE_TESTABILITY = YES;
				GCC_C_LANGUAGE_STANDARD = gnu11;
				GCC_DYNAMIC_NO_PIC = NO;
				GCC_NO_COMMON_BLOCKS = YES;
				GCC_OPTIMIZATION_LEVEL = 0;
				GCC_PREPROCESSOR_DEFINITIONS = (
					"DEBUG=1",
					"$(inherited)",
				);
				GCC_WARN_64_TO_32_BIT_CONVERSION = YES;
				GCC_WARN_ABOUT_RETURN_TYPE = YES_ERROR;
				GCC_WARN_UNDECLARED_SELECTOR = YES;
				GCC_WARN_UNINITIALIZED_AUTOS = YES_AGGRESSIVE;
				GCC_WARN_UNUSED_FUNCTION = YES;
				GCC_WARN_UNUSED_VARIABLE = YES;
				IPHONEOS_DEPLOYMENT_TARGET = 14.5;
				MTL_ENABLE_DEBUG_INFO = INCLUDE_SOURCE;
				MTL_FAST_MATH = YES;
				ONLY_ACTIVE_ARCH = YES;
				SDKROOT = iphoneos;
				SWIFT_ACTIVE_COMPILATION_CONDITIONS = DEBUG;
				SWIFT_OPTIMIZATION_LEVEL = "-Onone";
			};
			name = Debug;
		};
		17415D11272FE24E00F7DE99 /* Release */ = {
			isa = XCBuildConfiguration;
			buildSettings = {
				ALWAYS_SEARCH_USER_PATHS = NO;
				CLANG_ANALYZER_NONNULL = YES;
				CLANG_ANALYZER_NUMBER_OBJECT_CONVERSION = YES_AGGRESSIVE;
				CLANG_CXX_LANGUAGE_STANDARD = "gnu++14";
				CLANG_CXX_LIBRARY = "libc++";
				CLANG_ENABLE_MODULES = YES;
				CLANG_ENABLE_OBJC_ARC = YES;
				CLANG_ENABLE_OBJC_WEAK = YES;
				CLANG_WARN_BLOCK_CAPTURE_AUTORELEASING = YES;
				CLANG_WARN_BOOL_CONVERSION = YES;
				CLANG_WARN_COMMA = YES;
				CLANG_WARN_CONSTANT_CONVERSION = YES;
				CLANG_WARN_DEPRECATED_OBJC_IMPLEMENTATIONS = YES;
				CLANG_WARN_DIRECT_OBJC_ISA_USAGE = YES_ERROR;
				CLANG_WARN_DOCUMENTATION_COMMENTS = YES;
				CLANG_WARN_EMPTY_BODY = YES;
				CLANG_WARN_ENUM_CONVERSION = YES;
				CLANG_WARN_INFINITE_RECURSION = YES;
				CLANG_WARN_INT_CONVERSION = YES;
				CLANG_WARN_NON_LITERAL_NULL_CONVERSION = YES;
				CLANG_WARN_OBJC_IMPLICIT_RETAIN_SELF = YES;
				CLANG_WARN_OBJC_LITERAL_CONVERSION = YES;
				CLANG_WARN_OBJC_ROOT_CLASS = YES_ERROR;
				CLANG_WARN_QUOTED_INCLUDE_IN_FRAMEWORK_HEADER = YES;
				CLANG_WARN_RANGE_LOOP_ANALYSIS = YES;
				CLANG_WARN_STRICT_PROTOTYPES = YES;
				CLANG_WARN_SUSPICIOUS_MOVE = YES;
				CLANG_WARN_UNGUARDED_AVAILABILITY = YES_AGGRESSIVE;
				CLANG_WARN_UNREACHABLE_CODE = YES;
				CLANG_WARN__DUPLICATE_METHOD_MATCH = YES;
				COPY_PHASE_STRIP = NO;
				DEBUG_INFORMATION_FORMAT = "dwarf-with-dsym";
				ENABLE_NS_ASSERTIONS = NO;
				ENABLE_STRICT_OBJC_MSGSEND = YES;
				GCC_C_LANGUAGE_STANDARD = gnu11;
				GCC_NO_COMMON_BLOCKS = YES;
				GCC_WARN_64_TO_32_BIT_CONVERSION = YES;
				GCC_WARN_ABOUT_RETURN_TYPE = YES_ERROR;
				GCC_WARN_UNDECLARED_SELECTOR = YES;
				GCC_WARN_UNINITIALIZED_AUTOS = YES_AGGRESSIVE;
				GCC_WARN_UNUSED_FUNCTION = YES;
				GCC_WARN_UNUSED_VARIABLE = YES;
				IPHONEOS_DEPLOYMENT_TARGET = 14.5;
				MTL_ENABLE_DEBUG_INFO = NO;
				MTL_FAST_MATH = YES;
				SDKROOT = iphoneos;
				SWIFT_COMPILATION_MODE = wholemodule;
				SWIFT_OPTIMIZATION_LEVEL = "-O";
				VALIDATE_PRODUCT = YES;
			};
			name = Release;
		};
		17415D13272FE24E00F7DE99 /* Debug */ = {
			isa = XCBuildConfiguration;
			baseConfigurationReference = 8AFEEB0239A57294691C6EC8 /* Pods-APICelebration.debug.xcconfig */;
			buildSettings = {
				ASSETCATALOG_COMPILER_APPICON_NAME = AppIcon;
				ASSETCATALOG_COMPILER_GLOBAL_ACCENT_COLOR_NAME = AccentColor;
				CODE_SIGN_STYLE = Automatic;
				INFOPLIST_FILE = APICelebration/Info.plist;
				LD_RUNPATH_SEARCH_PATHS = (
					"$(inherited)",
					"@executable_path/Frameworks",
				);
				PRODUCT_BUNDLE_IDENTIFIER = none.APICelebration;
				PRODUCT_NAME = "$(TARGET_NAME)";
				SWIFT_VERSION = 5.0;
				TARGETED_DEVICE_FAMILY = "1,2";
			};
			name = Debug;
		};
		17415D14272FE24E00F7DE99 /* Release */ = {
			isa = XCBuildConfiguration;
			baseConfigurationReference = 7EF846BFD6C3F2F18AB7BA3B /* Pods-APICelebration.release.xcconfig */;
			buildSettings = {
				ASSETCATALOG_COMPILER_APPICON_NAME = AppIcon;
				ASSETCATALOG_COMPILER_GLOBAL_ACCENT_COLOR_NAME = AccentColor;
				CODE_SIGN_STYLE = Automatic;
				INFOPLIST_FILE = APICelebration/Info.plist;
				LD_RUNPATH_SEARCH_PATHS = (
					"$(inherited)",
					"@executable_path/Frameworks",
				);
				PRODUCT_BUNDLE_IDENTIFIER = none.APICelebration;
				PRODUCT_NAME = "$(TARGET_NAME)";
				SWIFT_VERSION = 5.0;
				TARGETED_DEVICE_FAMILY = "1,2";
			};
			name = Release;
		};
/* End XCBuildConfiguration section */

/* Begin XCConfigurationList section */
		17415CF9272FE24900F7DE99 /* Build configuration list for PBXProject "APICelebration" */ = {
			isa = XCConfigurationList;
			buildConfigurations = (
				17415D10272FE24E00F7DE99 /* Debug */,
				17415D11272FE24E00F7DE99 /* Release */,
			);
			defaultConfigurationIsVisible = 0;
			defaultConfigurationName = Release;
		};
		17415D12272FE24E00F7DE99 /* Build configuration list for PBXNativeTarget "APICelebration" */ = {
			isa = XCConfigurationList;
			buildConfigurations = (
				17415D13272FE24E00F7DE99 /* Debug */,
				17415D14272FE24E00F7DE99 /* Release */,
			);
			defaultConfigurationIsVisible = 0;
			defaultConfigurationName = Release;
		};
/* End XCConfigurationList section */
	};
	rootObject = 17415CF6272FE24900F7DE99 /* Project object */;
}
